// !$*UTF8*$!
{
	archiveVersion = 1;
	classes = {
	};
	objectVersion = 46;
	objects = {

/* Begin PBXBuildFile section */
		31EC548E1B0568CB00056648 /* AppDelegate.swift in Sources */ = {isa = PBXBuildFile; fileRef = 31EC548D1B0568CB00056648 /* AppDelegate.swift */; };
		31EC54901B0568CB00056648 /* ViewController.swift in Sources */ = {isa = PBXBuildFile; fileRef = 31EC548F1B0568CB00056648 /* ViewController.swift */; };
		31EC54931B0568CB00056648 /* Main.storyboard in Resources */ = {isa = PBXBuildFile; fileRef = 31EC54911B0568CB00056648 /* Main.storyboard */; };
		31EC54951B0568CB00056648 /* Images.xcassets in Resources */ = {isa = PBXBuildFile; fileRef = 31EC54941B0568CB00056648 /* Images.xcassets */; };
		31EC54981B0568CB00056648 /* LaunchScreen.xib in Resources */ = {isa = PBXBuildFile; fileRef = 31EC54961B0568CB00056648 /* LaunchScreen.xib */; };
		31EC54A41B0568CC00056648 /* helloworldTests.swift in Sources */ = {isa = PBXBuildFile; fileRef = 31EC54A31B0568CC00056648 /* helloworldTests.swift */; };
/* End PBXBuildFile section */

/* Begin PBXContainerItemProxy section */
		31EC549E1B0568CC00056648 /* PBXContainerItemProxy */ = {
			isa = PBXContainerItemProxy;
			containerPortal = 31EC54801B0568CB00056648 /* Project object */;
			proxyType = 1;
			remoteGlobalIDString = 31EC54871B0568CB00056648;
			remoteInfo = helloworld;
		};
/* End PBXContainerItemProxy section */

/* Begin PBXFileReference section */
		31EC54881B0568CB00056648 /* helloworld.app */ = {isa = PBXFileReference; explicitFileType = wrapper.application; includeInIndex = 0; path = helloworld.app; sourceTree = BUILT_PRODUCTS_DIR; };
		31EC548C1B0568CB00056648 /* Info.plist */ = {isa = PBXFileReference; lastKnownFileType = text.plist.xml; path = Info.plist; sourceTree = "<group>"; };
		31EC548D1B0568CB00056648 /* AppDelegate.swift */ = {isa = PBXFileReference; lastKnownFileType = sourcecode.swift; path = AppDelegate.swift; sourceTree = "<group>"; };
		31EC548F1B0568CB00056648 /* ViewController.swift */ = {isa = PBXFileReference; lastKnownFileType = sourcecode.swift; path = ViewController.swift; sourceTree = "<group>"; };
		31EC54921B0568CB00056648 /* Base */ = {isa = PBXFileReference; lastKnownFileType = file.storyboard; name = Base; path = Base.lproj/Main.storyboard; sourceTree = "<group>"; };
		31EC54941B0568CB00056648 /* Images.xcassets */ = {isa = PBXFileReference; lastKnownFileType = folder.assetcatalog; path = Images.xcassets; sourceTree = "<group>"; };
		31EC54971B0568CB00056648 /* Base */ = {isa = PBXFileReference; lastKnownFileType = file.xib; name = Base; path = Base.lproj/LaunchScreen.xib; sourceTree = "<group>"; };
		31EC549D1B0568CC00056648 /* helloworldTests.xctest */ = {isa = PBXFileReference; explicitFileType = wrapper.cfbundle; includeInIndex = 0; path = helloworldTests.xctest; sourceTree = BUILT_PRODUCTS_DIR; };
		31EC54A21B0568CC00056648 /* Info.plist */ = {isa = PBXFileReference; lastKnownFileType = text.plist.xml; path = Info.plist; sourceTree = "<group>"; };
		31EC54A31B0568CC00056648 /* helloworldTests.swift */ = {isa = PBXFileReference; lastKnownFileType = sourcecode.swift; path = helloworldTests.swift; sourceTree = "<group>"; };
/* End PBXFileReference section */

/* Begin PBXFrameworksBuildPhase section */
		31EC54851B0568CB00056648 /* Frameworks */ = {
			isa = PBXFrameworksBuildPhase;
			buildActionMask = 2147483647;
			files = (
			);
			runOnlyForDeploymentPostprocessing = 0;
		};
		31EC549A1B0568CC00056648 /* Frameworks */ = {
			isa = PBXFrameworksBuildPhase;
			buildActionMask = 2147483647;
			files = (
			);
			runOnlyForDeploymentPostprocessing = 0;
		};
/* End PBXFrameworksBuildPhase section */

/* Begin PBXGroup section */
		31EC547F1B0568CB00056648 = {
			isa = PBXGroup;
			children = (
				31EC548A1B0568CB00056648 /* helloworld */,
				31EC54A01B0568CC00056648 /* helloworldTests */,
				31EC54891B0568CB00056648 /* Products */,
			);
			sourceTree = "<group>";
		};
		31EC54891B0568CB00056648 /* Products */ = {
			isa = PBXGroup;
			children = (
				31EC54881B0568CB00056648 /* helloworld.app */,
				31EC549D1B0568CC00056648 /* helloworldTests.xctest */,
			);
			name = Products;
			sourceTree = "<group>";
		};
		31EC548A1B0568CB00056648 /* helloworld */ = {
			isa = PBXGroup;
			children = (
				31EC548D1B0568CB00056648 /* AppDelegate.swift */,
				31EC548F1B0568CB00056648 /* ViewController.swift */,
				31EC54911B0568CB00056648 /* Main.storyboard */,
				31EC54941B0568CB00056648 /* Images.xcassets */,
				31EC54961B0568CB00056648 /* LaunchScreen.xib */,
				31EC548B1B0568CB00056648 /* Supporting Files */,
			);
			path = helloworld;
			sourceTree = "<group>";
		};
		31EC548B1B0568CB00056648 /* Supporting Files */ = {
			isa = PBXGroup;
			children = (
				31EC548C1B0568CB00056648 /* Info.plist */,
			);
			name = "Supporting Files";
			sourceTree = "<group>";
		};
		31EC54A01B0568CC00056648 /* helloworldTests */ = {
			isa = PBXGroup;
			children = (
				31EC54A31B0568CC00056648 /* helloworldTests.swift */,
				31EC54A11B0568CC00056648 /* Supporting Files */,
			);
			path = helloworldTests;
			sourceTree = "<group>";
		};
		31EC54A11B0568CC00056648 /* Supporting Files */ = {
			isa = PBXGroup;
			children = (
				31EC54A21B0568CC00056648 /* Info.plist */,
			);
			name = "Supporting Files";
			sourceTree = "<group>";
		};
/* End PBXGroup section */

/* Begin PBXNativeTarget section */
		31EC54871B0568CB00056648 /* helloworld */ = {
			isa = PBXNativeTarget;
			buildConfigurationList = 31EC54A71B0568CC00056648 /* Build configuration list for PBXNativeTarget "helloworld" */;
			buildPhases = (
				31EC54841B0568CB00056648 /* Sources */,
				31EC54851B0568CB00056648 /* Frameworks */,
				31EC54861B0568CB00056648 /* Resources */,
			);
			buildRules = (
			);
			dependencies = (
			);
			name = helloworld;
			productName = helloworld;
			productReference = 31EC54881B0568CB00056648 /* helloworld.app */;
			productType = "com.apple.product-type.application";
		};
		31EC549C1B0568CC00056648 /* helloworldTests */ = {
			isa = PBXNativeTarget;
			buildConfigurationList = 31EC54AA1B0568CC00056648 /* Build configuration list for PBXNativeTarget "helloworldTests" */;
			buildPhases = (
				31EC54991B0568CC00056648 /* Sources */,
				31EC549A1B0568CC00056648 /* Frameworks */,
				31EC549B1B0568CC00056648 /* Resources */,
			);
			buildRules = (
			);
			dependencies = (
				31EC549F1B0568CC00056648 /* PBXTargetDependency */,
			);
			name = helloworldTests;
			productName = helloworldTests;
			productReference = 31EC549D1B0568CC00056648 /* helloworldTests.xctest */;
			productType = "com.apple.product-type.bundle.unit-test";
		};
/* End PBXNativeTarget section */

/* Begin PBXProject section */
		31EC54801B0568CB00056648 /* Project object */ = {
			isa = PBXProject;
			attributes = {
				LastSwiftUpdateCheck = 0700;
				LastUpgradeCheck = 0700;
				ORGANIZATIONNAME = "Alfie Hanssen";
				TargetAttributes = {
					31EC54871B0568CB00056648 = {
						CreatedOnToolsVersion = 6.3.1;
					};
					31EC549C1B0568CC00056648 = {
						CreatedOnToolsVersion = 6.3.1;
						TestTargetID = 31EC54871B0568CB00056648;
					};
				};
			};
			buildConfigurationList = 31EC54831B0568CB00056648 /* Build configuration list for PBXProject "helloworld" */;
			compatibilityVersion = "Xcode 3.2";
			developmentRegion = English;
			hasScannedForEncodings = 0;
			knownRegions = (
				en,
				Base,
			);
			mainGroup = 31EC547F1B0568CB00056648;
			productRefGroup = 31EC54891B0568CB00056648 /* Products */;
			projectDirPath = "";
			projectRoot = "";
			targets = (
				31EC54871B0568CB00056648 /* helloworld */,
				31EC549C1B0568CC00056648 /* helloworldTests */,
			);
		};
/* End PBXProject section */

/* Begin PBXResourcesBuildPhase section */
		31EC54861B0568CB00056648 /* Resources */ = {
			isa = PBXResourcesBuildPhase;
			buildActionMask = 2147483647;
			files = (
				31EC54931B0568CB00056648 /* Main.storyboard in Resources */,
				31EC54981B0568CB00056648 /* LaunchScreen.xib in Resources */,
				31EC54951B0568CB00056648 /* Images.xcassets in Resources */,
			);
			runOnlyForDeploymentPostprocessing = 0;
		};
		31EC549B1B0568CC00056648 /* Resources */ = {
			isa = PBXResourcesBuildPhase;
			buildActionMask = 2147483647;
			files = (
			);
			runOnlyForDeploymentPostprocessing = 0;
		};
/* End PBXResourcesBuildPhase section */

/* Begin PBXSourcesBuildPhase section */
		31EC54841B0568CB00056648 /* Sources */ = {
			isa = PBXSourcesBuildPhase;
			buildActionMask = 2147483647;
			files = (
				31EC54901B0568CB00056648 /* ViewController.swift in Sources */,
				31EC548E1B0568CB00056648 /* AppDelegate.swift in Sources */,
			);
			runOnlyForDeploymentPostprocessing = 0;
		};
		31EC54991B0568CC00056648 /* Sources */ = {
			isa = PBXSourcesBuildPhase;
			buildActionMask = 2147483647;
			files = (
				31EC54A41B0568CC00056648 /* helloworldTests.swift in Sources */,
			);
			runOnlyForDeploymentPostprocessing = 0;
		};
/* End PBXSourcesBuildPhase section */

/* Begin PBXTargetDependency section */
		31EC549F1B0568CC00056648 /* PBXTargetDependency */ = {
			isa = PBXTargetDependency;
			target = 31EC54871B0568CB00056648 /* helloworld */;
			targetProxy = 31EC549E1B0568CC00056648 /* PBXContainerItemProxy */;
		};
/* End PBXTargetDependency section */

/* Begin PBXVariantGroup section */
		31EC54911B0568CB00056648 /* Main.storyboard */ = {
			isa = PBXVariantGroup;
			children = (
				31EC54921B0568CB00056648 /* Base */,
			);
			name = Main.storyboard;
			sourceTree = "<group>";
		};
		31EC54961B0568CB00056648 /* LaunchScreen.xib */ = {
			isa = PBXVariantGroup;
			children = (
				31EC54971B0568CB00056648 /* Base */,
			);
			name = LaunchScreen.xib;
			sourceTree = "<group>";
		};
/* End PBXVariantGroup section */

/* Begin XCBuildConfiguration section */
		31EC54A51B0568CC00056648 /* Debug */ = {
			isa = XCBuildConfiguration;
			buildSettings = {
				ALWAYS_SEARCH_USER_PATHS = NO;
				CLANG_CXX_LANGUAGE_STANDARD = "gnu++0x";
				CLANG_CXX_LIBRARY = "libc++";
				CLANG_ENABLE_MODULES = YES;
				CLANG_ENABLE_OBJC_ARC = YES;
				CLANG_WARN_BOOL_CONVERSION = YES;
				CLANG_WARN_CONSTANT_CONVERSION = YES;
				CLANG_WARN_DIRECT_OBJC_ISA_USAGE = YES_ERROR;
				CLANG_WARN_EMPTY_BODY = YES;
				CLANG_WARN_ENUM_CONVERSION = YES;
				CLANG_WARN_INT_CONVERSION = YES;
				CLANG_WARN_OBJC_ROOT_CLASS = YES_ERROR;
				CLANG_WARN_UNREACHABLE_CODE = YES;
				CLANG_WARN__DUPLICATE_METHOD_MATCH = YES;
				"CODE_SIGN_IDENTITY[sdk=iphoneos*]" = "iPhone Developer";
				COPY_PHASE_STRIP = NO;
				DEBUG_INFORMATION_FORMAT = "dwarf-with-dsym";
				ENABLE_STRICT_OBJC_MSGSEND = YES;
				ENABLE_TESTABILITY = YES;
				GCC_C_LANGUAGE_STANDARD = gnu99;
				GCC_DYNAMIC_NO_PIC = NO;
				GCC_NO_COMMON_BLOCKS = YES;
				GCC_OPTIMIZATION_LEVEL = 0;
				GCC_PREPROCESSOR_DEFINITIONS = (
					"DEBUG=1",
					"$(inherited)",
				);
				GCC_SYMBOLS_PRIVATE_EXTERN = NO;
				GCC_WARN_64_TO_32_BIT_CONVERSION = YES;
				GCC_WARN_ABOUT_RETURN_TYPE = YES_ERROR;
				GCC_WARN_UNDECLARED_SELECTOR = YES;
				GCC_WARN_UNINITIALIZED_AUTOS = YES_AGGRESSIVE;
				GCC_WARN_UNUSED_FUNCTION = YES;
				GCC_WARN_UNUSED_VARIABLE = YES;
				IPHONEOS_DEPLOYMENT_TARGET = 8.3;
				MTL_ENABLE_DEBUG_INFO = YES;
				ONLY_ACTIVE_ARCH = YES;
				SDKROOT = iphoneos;
				SWIFT_OPTIMIZATION_LEVEL = "-Onone";
			};
			name = Debug;
		};
		31EC54A61B0568CC00056648 /* Release */ = {
			isa = XCBuildConfiguration;
			buildSettings = {
				ALWAYS_SEARCH_USER_PATHS = NO;
				CLANG_CXX_LANGUAGE_STANDARD = "gnu++0x";
				CLANG_CXX_LIBRARY = "libc++";
				CLANG_ENABLE_MODULES = YES;
				CLANG_ENABLE_OBJC_ARC = YES;
				CLANG_WARN_BOOL_CONVERSION = YES;
				CLANG_WARN_CONSTANT_CONVERSION = YES;
				CLANG_WARN_DIRECT_OBJC_ISA_USAGE = YES_ERROR;
				CLANG_WARN_EMPTY_BODY = YES;
				CLANG_WARN_ENUM_CONVERSION = YES;
				CLANG_WARN_INT_CONVERSION = YES;
				CLANG_WARN_OBJC_ROOT_CLASS = YES_ERROR;
				CLANG_WARN_UNREACHABLE_CODE = YES;
				CLANG_WARN__DUPLICATE_METHOD_MATCH = YES;
				"CODE_SIGN_IDENTITY[sdk=iphoneos*]" = "iPhone Developer";
				COPY_PHASE_STRIP = NO;
				DEBUG_INFORMATION_FORMAT = "dwarf-with-dsym";
				ENABLE_NS_ASSERTIONS = NO;
				ENABLE_STRICT_OBJC_MSGSEND = YES;
				GCC_C_LANGUAGE_STANDARD = gnu99;
				GCC_NO_COMMON_BLOCKS = YES;
				GCC_WARN_64_TO_32_BIT_CONVERSION = YES;
				GCC_WARN_ABOUT_RETURN_TYPE = YES_ERROR;
				GCC_WARN_UNDECLARED_SELECTOR = YES;
				GCC_WARN_UNINITIALIZED_AUTOS = YES_AGGRESSIVE;
				GCC_WARN_UNUSED_FUNCTION = YES;
				GCC_WARN_UNUSED_VARIABLE = YES;
				IPHONEOS_DEPLOYMENT_TARGET = 8.3;
				MTL_ENABLE_DEBUG_INFO = NO;
				SDKROOT = iphoneos;
				VALIDATE_PRODUCT = YES;
			};
			name = Release;
		};
		31EC54A81B0568CC00056648 /* Debug */ = {
			isa = XCBuildConfiguration;
			buildSettings = {
				ASSETCATALOG_COMPILER_APPICON_NAME = AppIcon;
				INFOPLIST_FILE = helloworld/Info.plist;
				LD_RUNPATH_SEARCH_PATHS = "$(inherited) @executable_path/Frameworks";
				PRODUCT_BUNDLE_IDENTIFIER = "com.onemonth.$(PRODUCT_NAME:rfc1034identifier)";
				PRODUCT_NAME = "$(TARGET_NAME)";
			};
			name = Debug;
		};
		31EC54A91B0568CC00056648 /* Release */ = {
			isa = XCBuildConfiguration;
			buildSettings = {
				ASSETCATALOG_COMPILER_APPICON_NAME = AppIcon;
				INFOPLIST_FILE = helloworld/Info.plist;
				LD_RUNPATH_SEARCH_PATHS = "$(inherited) @executable_path/Frameworks";
				PRODUCT_BUNDLE_IDENTIFIER = "com.onemonth.$(PRODUCT_NAME:rfc1034identifier)";
				PRODUCT_NAME = "$(TARGET_NAME)";
			};
			name = Release;
		};
		31EC54AB1B0568CC00056648 /* Debug */ = {
			isa = XCBuildConfiguration;
			buildSettings = {
				BUNDLE_LOADER = "$(TEST_HOST)";
				FRAMEWORK_SEARCH_PATHS = (
					"$(SDKROOT)/Developer/Library/Frameworks",
					"$(inherited)",
				);
				GCC_PREPROCESSOR_DEFINITIONS = (
					"DEBUG=1",
					"$(inherited)",
				);
				INFOPLIST_FILE = helloworldTests/Info.plist;
				LD_RUNPATH_SEARCH_PATHS = "$(inherited) @executable_path/Frameworks @loader_path/Frameworks";
				PRODUCT_BUNDLE_IDENTIFIER = "com.onemonth.$(PRODUCT_NAME:rfc1034identifier)";
				PRODUCT_NAME = "$(TARGET_NAME)";
				TEST_HOST = "$(BUILT_PRODUCTS_DIR)/helloworld.app/helloworld";
			};
			name = Debug;
		};
		31EC54AC1B0568CC00056648 /* Release */ = {
			isa = XCBuildConfiguration;
			buildSettings = {
				BUNDLE_LOADER = "$(TEST_HOST)";
				FRAMEWORK_SEARCH_PATHS = (
					"$(SDKROOT)/Developer/Library/Frameworks",
					"$(inherited)",
				);
				INFOPLIST_FILE = helloworldTests/Info.plist;
				LD_RUNPATH_SEARCH_PATHS = "$(inherited) @executable_path/Frameworks @loader_path/Frameworks";
				PRODUCT_BUNDLE_IDENTIFIER = "com.onemonth.$(PRODUCT_NAME:rfc1034identifier)";
				PRODUCT_NAME = "$(TARGET_NAME)";
				TEST_HOST = "$(BUILT_PRODUCTS_DIR)/helloworld.app/helloworld";
			};
			name = Release;
		};
/* End XCBuildConfiguration section */

/* Begin XCConfigurationList section */
		31EC54831B0568CB00056648 /* Build configuration list for PBXProject "helloworld" */ = {
			isa = XCConfigurationList;
			buildConfigurations = (
				31EC54A51B0568CC00056648 /* Debug */,
				31EC54A61B0568CC00056648 /* Release */,
			);
			defaultConfigurationIsVisible = 0;
			defaultConfigurationName = Release;
		};
		31EC54A71B0568CC00056648 /* Build configuration list for PBXNativeTarget "helloworld" */ = {
			isa = XCConfigurationList;
			buildConfigurations = (
				31EC54A81B0568CC00056648 /* Debug */,
				31EC54A91B0568CC00056648 /* Release */,
			);
			defaultConfigurationIsVisible = 0;
			defaultConfigurationName = Release;
		};
		31EC54AA1B0568CC00056648 /* Build configuration list for PBXNativeTarget "helloworldTests" */ = {
			isa = XCConfigurationList;
			buildConfigurations = (
				31EC54AB1B0568CC00056648 /* Debug */,
				31EC54AC1B0568CC00056648 /* Release */,
			);
			defaultConfigurationIsVisible = 0;
			defaultConfigurationName = Release;
		};
/* End XCConfigurationList section */
	};
	rootObject = 31EC54801B0568CB00056648 /* Project object */;
}
