// !$*UTF8*$!
{
	archiveVersion = 1;
	classes = {
	};
	objectVersion = 46;
	objects = {

/* Begin PBXBuildFile section */
		31031CDB1B0C0209008500C1 /* AppDelegate.swift in Sources */ = {isa = PBXBuildFile; fileRef = 31031CDA1B0C0209008500C1 /* AppDelegate.swift */; };
		31031CE21B0C0209008500C1 /* Images.xcassets in Resources */ = {isa = PBXBuildFile; fileRef = 31031CE11B0C0209008500C1 /* Images.xcassets */; };
		31031CE51B0C0209008500C1 /* LaunchScreen.xib in Resources */ = {isa = PBXBuildFile; fileRef = 31031CE31B0C0209008500C1 /* LaunchScreen.xib */; };
		31031CF11B0C0209008500C1 /* VimeoStaffPicksTests.swift in Sources */ = {isa = PBXBuildFile; fileRef = 31031CF01B0C0209008500C1 /* VimeoStaffPicksTests.swift */; };
		31031CFC1B0C0ABD008500C1 /* StaffPicksViewController.swift in Sources */ = {isa = PBXBuildFile; fileRef = 31031CFA1B0C0ABD008500C1 /* StaffPicksViewController.swift */; };
		31031CFD1B0C0ABD008500C1 /* StaffPicksViewController.xib in Resources */ = {isa = PBXBuildFile; fileRef = 31031CFB1B0C0ABD008500C1 /* StaffPicksViewController.xib */; };
		31031D041B0C1C5F008500C1 /* VideoCell.swift in Sources */ = {isa = PBXBuildFile; fileRef = 31031D021B0C1C5F008500C1 /* VideoCell.swift */; };
		31031D051B0C1C5F008500C1 /* VideoCell.xib in Resources */ = {isa = PBXBuildFile; fileRef = 31031D031B0C1C5F008500C1 /* VideoCell.xib */; };
		311A6A741B0D534200AB906A /* VimeoClient.swift in Sources */ = {isa = PBXBuildFile; fileRef = 311A6A731B0D534200AB906A /* VimeoClient.swift */; };
		311A6A761B0D6B1200AB906A /* Video.swift in Sources */ = {isa = PBXBuildFile; fileRef = 311A6A751B0D6B1200AB906A /* Video.swift */; };
/* End PBXBuildFile section */

/* Begin PBXContainerItemProxy section */
		31031CEB1B0C0209008500C1 /* PBXContainerItemProxy */ = {
			isa = PBXContainerItemProxy;
			containerPortal = 31031CCD1B0C0209008500C1 /* Project object */;
			proxyType = 1;
			remoteGlobalIDString = 31031CD41B0C0209008500C1;
			remoteInfo = VimeoStaffPicks;
		};
/* End PBXContainerItemProxy section */

/* Begin PBXFileReference section */
		31031CD51B0C0209008500C1 /* VimeoStaffPicks.app */ = {isa = PBXFileReference; explicitFileType = wrapper.application; includeInIndex = 0; path = VimeoStaffPicks.app; sourceTree = BUILT_PRODUCTS_DIR; };
		31031CD91B0C0209008500C1 /* Info.plist */ = {isa = PBXFileReference; lastKnownFileType = text.plist.xml; path = Info.plist; sourceTree = "<group>"; };
		31031CDA1B0C0209008500C1 /* AppDelegate.swift */ = {isa = PBXFileReference; lastKnownFileType = sourcecode.swift; path = AppDelegate.swift; sourceTree = "<group>"; };
		31031CE11B0C0209008500C1 /* Images.xcassets */ = {isa = PBXFileReference; lastKnownFileType = folder.assetcatalog; path = Images.xcassets; sourceTree = "<group>"; };
		31031CE41B0C0209008500C1 /* Base */ = {isa = PBXFileReference; lastKnownFileType = file.xib; name = Base; path = Base.lproj/LaunchScreen.xib; sourceTree = "<group>"; };
		31031CEA1B0C0209008500C1 /* VimeoStaffPicksTests.xctest */ = {isa = PBXFileReference; explicitFileType = wrapper.cfbundle; includeInIndex = 0; path = VimeoStaffPicksTests.xctest; sourceTree = BUILT_PRODUCTS_DIR; };
		31031CEF1B0C0209008500C1 /* Info.plist */ = {isa = PBXFileReference; lastKnownFileType = text.plist.xml; path = Info.plist; sourceTree = "<group>"; };
		31031CF01B0C0209008500C1 /* VimeoStaffPicksTests.swift */ = {isa = PBXFileReference; lastKnownFileType = sourcecode.swift; path = VimeoStaffPicksTests.swift; sourceTree = "<group>"; };
		31031CFA1B0C0ABD008500C1 /* StaffPicksViewController.swift */ = {isa = PBXFileReference; fileEncoding = 4; lastKnownFileType = sourcecode.swift; path = StaffPicksViewController.swift; sourceTree = "<group>"; };
		31031CFB1B0C0ABD008500C1 /* StaffPicksViewController.xib */ = {isa = PBXFileReference; fileEncoding = 4; lastKnownFileType = file.xib; path = StaffPicksViewController.xib; sourceTree = "<group>"; };
		31031D021B0C1C5F008500C1 /* VideoCell.swift */ = {isa = PBXFileReference; fileEncoding = 4; lastKnownFileType = sourcecode.swift; path = VideoCell.swift; sourceTree = "<group>"; };
		31031D031B0C1C5F008500C1 /* VideoCell.xib */ = {isa = PBXFileReference; fileEncoding = 4; lastKnownFileType = file.xib; path = VideoCell.xib; sourceTree = "<group>"; };
		311A6A731B0D534200AB906A /* VimeoClient.swift */ = {isa = PBXFileReference; fileEncoding = 4; lastKnownFileType = sourcecode.swift; path = VimeoClient.swift; sourceTree = "<group>"; };
		311A6A751B0D6B1200AB906A /* Video.swift */ = {isa = PBXFileReference; fileEncoding = 4; lastKnownFileType = sourcecode.swift; path = Video.swift; sourceTree = "<group>"; };
/* End PBXFileReference section */

/* Begin PBXFrameworksBuildPhase section */
		31031CD21B0C0209008500C1 /* Frameworks */ = {
			isa = PBXFrameworksBuildPhase;
			buildActionMask = 2147483647;
			files = (
			);
			runOnlyForDeploymentPostprocessing = 0;
		};
		31031CE71B0C0209008500C1 /* Frameworks */ = {
			isa = PBXFrameworksBuildPhase;
			buildActionMask = 2147483647;
			files = (
			);
			runOnlyForDeploymentPostprocessing = 0;
		};
/* End PBXFrameworksBuildPhase section */

/* Begin PBXGroup section */
		31031CCC1B0C0209008500C1 = {
			isa = PBXGroup;
			children = (
				31031CD71B0C0209008500C1 /* VimeoStaffPicks */,
				31031CED1B0C0209008500C1 /* VimeoStaffPicksTests */,
				31031CD61B0C0209008500C1 /* Products */,
			);
			sourceTree = "<group>";
		};
		31031CD61B0C0209008500C1 /* Products */ = {
			isa = PBXGroup;
			children = (
				31031CD51B0C0209008500C1 /* VimeoStaffPicks.app */,
				31031CEA1B0C0209008500C1 /* VimeoStaffPicksTests.xctest */,
			);
			name = Products;
			sourceTree = "<group>";
		};
		31031CD71B0C0209008500C1 /* VimeoStaffPicks */ = {
			isa = PBXGroup;
			children = (
				31031CDA1B0C0209008500C1 /* AppDelegate.swift */,
				31031CFA1B0C0ABD008500C1 /* StaffPicksViewController.swift */,
				31031CFB1B0C0ABD008500C1 /* StaffPicksViewController.xib */,
				31031D021B0C1C5F008500C1 /* VideoCell.swift */,
				31031D031B0C1C5F008500C1 /* VideoCell.xib */,
				311A6A731B0D534200AB906A /* VimeoClient.swift */,
				311A6A751B0D6B1200AB906A /* Video.swift */,
				31031CE11B0C0209008500C1 /* Images.xcassets */,
				31031CE31B0C0209008500C1 /* LaunchScreen.xib */,
				31031CD81B0C0209008500C1 /* Supporting Files */,
			);
			path = VimeoStaffPicks;
			sourceTree = "<group>";
		};
		31031CD81B0C0209008500C1 /* Supporting Files */ = {
			isa = PBXGroup;
			children = (
				31031CD91B0C0209008500C1 /* Info.plist */,
			);
			name = "Supporting Files";
			sourceTree = "<group>";
		};
		31031CED1B0C0209008500C1 /* VimeoStaffPicksTests */ = {
			isa = PBXGroup;
			children = (
				31031CF01B0C0209008500C1 /* VimeoStaffPicksTests.swift */,
				31031CEE1B0C0209008500C1 /* Supporting Files */,
			);
			path = VimeoStaffPicksTests;
			sourceTree = "<group>";
		};
		31031CEE1B0C0209008500C1 /* Supporting Files */ = {
			isa = PBXGroup;
			children = (
				31031CEF1B0C0209008500C1 /* Info.plist */,
			);
			name = "Supporting Files";
			sourceTree = "<group>";
		};
/* End PBXGroup section */

/* Begin PBXNativeTarget section */
		31031CD41B0C0209008500C1 /* VimeoStaffPicks */ = {
			isa = PBXNativeTarget;
			buildConfigurationList = 31031CF41B0C0209008500C1 /* Build configuration list for PBXNativeTarget "VimeoStaffPicks" */;
			buildPhases = (
				31031CD11B0C0209008500C1 /* Sources */,
				31031CD21B0C0209008500C1 /* Frameworks */,
				31031CD31B0C0209008500C1 /* Resources */,
			);
			buildRules = (
			);
			dependencies = (
			);
			name = VimeoStaffPicks;
			productName = VimeoStaffPicks;
			productReference = 31031CD51B0C0209008500C1 /* VimeoStaffPicks.app */;
			productType = "com.apple.product-type.application";
		};
		31031CE91B0C0209008500C1 /* VimeoStaffPicksTests */ = {
			isa = PBXNativeTarget;
			buildConfigurationList = 31031CF71B0C0209008500C1 /* Build configuration list for PBXNativeTarget "VimeoStaffPicksTests" */;
			buildPhases = (
				31031CE61B0C0209008500C1 /* Sources */,
				31031CE71B0C0209008500C1 /* Frameworks */,
				31031CE81B0C0209008500C1 /* Resources */,
			);
			buildRules = (
			);
			dependencies = (
				31031CEC1B0C0209008500C1 /* PBXTargetDependency */,
			);
			name = VimeoStaffPicksTests;
			productName = VimeoStaffPicksTests;
			productReference = 31031CEA1B0C0209008500C1 /* VimeoStaffPicksTests.xctest */;
			productType = "com.apple.product-type.bundle.unit-test";
		};
/* End PBXNativeTarget section */

/* Begin PBXProject section */
		31031CCD1B0C0209008500C1 /* Project object */ = {
			isa = PBXProject;
			attributes = {
				LastSwiftUpdateCheck = 0700;
				LastUpgradeCheck = 0700;
				ORGANIZATIONNAME = "Alfie Hanssen";
				TargetAttributes = {
					31031CD41B0C0209008500C1 = {
						CreatedOnToolsVersion = 6.3.1;
					};
					31031CE91B0C0209008500C1 = {
						CreatedOnToolsVersion = 6.3.1;
						TestTargetID = 31031CD41B0C0209008500C1;
					};
				};
			};
			buildConfigurationList = 31031CD01B0C0209008500C1 /* Build configuration list for PBXProject "VimeoStaffPicks" */;
			compatibilityVersion = "Xcode 3.2";
			developmentRegion = English;
			hasScannedForEncodings = 0;
			knownRegions = (
				en,
				Base,
			);
			mainGroup = 31031CCC1B0C0209008500C1;
			productRefGroup = 31031CD61B0C0209008500C1 /* Products */;
			projectDirPath = "";
			projectRoot = "";
			targets = (
				31031CD41B0C0209008500C1 /* VimeoStaffPicks */,
				31031CE91B0C0209008500C1 /* VimeoStaffPicksTests */,
			);
		};
/* End PBXProject section */

/* Begin PBXResourcesBuildPhase section */
		31031CD31B0C0209008500C1 /* Resources */ = {
			isa = PBXResourcesBuildPhase;
			buildActionMask = 2147483647;
			files = (
				31031CE51B0C0209008500C1 /* LaunchScreen.xib in Resources */,
				31031D051B0C1C5F008500C1 /* VideoCell.xib in Resources */,
				31031CE21B0C0209008500C1 /* Images.xcassets in Resources */,
				31031CFD1B0C0ABD008500C1 /* StaffPicksViewController.xib in Resources */,
			);
			runOnlyForDeploymentPostprocessing = 0;
		};
		31031CE81B0C0209008500C1 /* Resources */ = {
			isa = PBXResourcesBuildPhase;
			buildActionMask = 2147483647;
			files = (
			);
			runOnlyForDeploymentPostprocessing = 0;
		};
/* End PBXResourcesBuildPhase section */

/* Begin PBXSourcesBuildPhase section */
		31031CD11B0C0209008500C1 /* Sources */ = {
			isa = PBXSourcesBuildPhase;
			buildActionMask = 2147483647;
			files = (
				31031CFC1B0C0ABD008500C1 /* StaffPicksViewController.swift in Sources */,
				31031CDB1B0C0209008500C1 /* AppDelegate.swift in Sources */,
				31031D041B0C1C5F008500C1 /* VideoCell.swift in Sources */,
				311A6A741B0D534200AB906A /* VimeoClient.swift in Sources */,
				311A6A761B0D6B1200AB906A /* Video.swift in Sources */,
			);
			runOnlyForDeploymentPostprocessing = 0;
		};
		31031CE61B0C0209008500C1 /* Sources */ = {
			isa = PBXSourcesBuildPhase;
			buildActionMask = 2147483647;
			files = (
				31031CF11B0C0209008500C1 /* VimeoStaffPicksTests.swift in Sources */,
			);
			runOnlyForDeploymentPostprocessing = 0;
		};
/* End PBXSourcesBuildPhase section */

/* Begin PBXTargetDependency section */
		31031CEC1B0C0209008500C1 /* PBXTargetDependency */ = {
			isa = PBXTargetDependency;
			target = 31031CD41B0C0209008500C1 /* VimeoStaffPicks */;
			targetProxy = 31031CEB1B0C0209008500C1 /* PBXContainerItemProxy */;
		};
/* End PBXTargetDependency section */

/* Begin PBXVariantGroup section */
		31031CE31B0C0209008500C1 /* LaunchScreen.xib */ = {
			isa = PBXVariantGroup;
			children = (
				31031CE41B0C0209008500C1 /* Base */,
			);
			name = LaunchScreen.xib;
			sourceTree = "<group>";
		};
/* End PBXVariantGroup section */

/* Begin XCBuildConfiguration section */
		31031CF21B0C0209008500C1 /* Debug */ = {
			isa = XCBuildConfiguration;
			buildSettings = {
				ALWAYS_SEARCH_USER_PATHS = NO;
				CLANG_CXX_LANGUAGE_STANDARD = "gnu++0x";
				CLANG_CXX_LIBRARY = "libc++";
				CLANG_ENABLE_MODULES = YES;
				CLANG_ENABLE_OBJC_ARC = YES;
				CLANG_WARN_BOOL_CONVERSION = YES;
				CLANG_WARN_CONSTANT_CONVERSION = YES;
				CLANG_WARN_DIRECT_OBJC_ISA_USAGE = YES_ERROR;
				CLANG_WARN_EMPTY_BODY = YES;
				CLANG_WARN_ENUM_CONVERSION = YES;
				CLANG_WARN_INT_CONVERSION = YES;
				CLANG_WARN_OBJC_ROOT_CLASS = YES_ERROR;
				CLANG_WARN_UNREACHABLE_CODE = YES;
				CLANG_WARN__DUPLICATE_METHOD_MATCH = YES;
				"CODE_SIGN_IDENTITY[sdk=iphoneos*]" = "iPhone Developer";
				COPY_PHASE_STRIP = NO;
				DEBUG_INFORMATION_FORMAT = "dwarf-with-dsym";
				ENABLE_STRICT_OBJC_MSGSEND = YES;
				ENABLE_TESTABILITY = YES;
				GCC_C_LANGUAGE_STANDARD = gnu99;
				GCC_DYNAMIC_NO_PIC = NO;
				GCC_NO_COMMON_BLOCKS = YES;
				GCC_OPTIMIZATION_LEVEL = 0;
				GCC_PREPROCESSOR_DEFINITIONS = (
					"DEBUG=1",
					"$(inherited)",
				);
				GCC_SYMBOLS_PRIVATE_EXTERN = NO;
				GCC_WARN_64_TO_32_BIT_CONVERSION = YES;
				GCC_WARN_ABOUT_RETURN_TYPE = YES_ERROR;
				GCC_WARN_UNDECLARED_SELECTOR = YES;
				GCC_WARN_UNINITIALIZED_AUTOS = YES_AGGRESSIVE;
				GCC_WARN_UNUSED_FUNCTION = YES;
				GCC_WARN_UNUSED_VARIABLE = YES;
				IPHONEOS_DEPLOYMENT_TARGET = 8.3;
				MTL_ENABLE_DEBUG_INFO = YES;
				ONLY_ACTIVE_ARCH = YES;
				SDKROOT = iphoneos;
				SWIFT_OPTIMIZATION_LEVEL = "-Onone";
			};
			name = Debug;
		};
		31031CF31B0C0209008500C1 /* Release */ = {
			isa = XCBuildConfiguration;
			buildSettings = {
				ALWAYS_SEARCH_USER_PATHS = NO;
				CLANG_CXX_LANGUAGE_STANDARD = "gnu++0x";
				CLANG_CXX_LIBRARY = "libc++";
				CLANG_ENABLE_MODULES = YES;
				CLANG_ENABLE_OBJC_ARC = YES;
				CLANG_WARN_BOOL_CONVERSION = YES;
				CLANG_WARN_CONSTANT_CONVERSION = YES;
				CLANG_WARN_DIRECT_OBJC_ISA_USAGE = YES_ERROR;
				CLANG_WARN_EMPTY_BODY = YES;
				CLANG_WARN_ENUM_CONVERSION = YES;
				CLANG_WARN_INT_CONVERSION = YES;
				CLANG_WARN_OBJC_ROOT_CLASS = YES_ERROR;
				CLANG_WARN_UNREACHABLE_CODE = YES;
				CLANG_WARN__DUPLICATE_METHOD_MATCH = YES;
				"CODE_SIGN_IDENTITY[sdk=iphoneos*]" = "iPhone Developer";
				COPY_PHASE_STRIP = NO;
				DEBUG_INFORMATION_FORMAT = "dwarf-with-dsym";
				ENABLE_NS_ASSERTIONS = NO;
				ENABLE_STRICT_OBJC_MSGSEND = YES;
				GCC_C_LANGUAGE_STANDARD = gnu99;
				GCC_NO_COMMON_BLOCKS = YES;
				GCC_WARN_64_TO_32_BIT_CONVERSION = YES;
				GCC_WARN_ABOUT_RETURN_TYPE = YES_ERROR;
				GCC_WARN_UNDECLARED_SELECTOR = YES;
				GCC_WARN_UNINITIALIZED_AUTOS = YES_AGGRESSIVE;
				GCC_WARN_UNUSED_FUNCTION = YES;
				GCC_WARN_UNUSED_VARIABLE = YES;
				IPHONEOS_DEPLOYMENT_TARGET = 8.3;
				MTL_ENABLE_DEBUG_INFO = NO;
				SDKROOT = iphoneos;
				VALIDATE_PRODUCT = YES;
			};
			name = Release;
		};
		31031CF51B0C0209008500C1 /* Debug */ = {
			isa = XCBuildConfiguration;
			buildSettings = {
				ASSETCATALOG_COMPILER_APPICON_NAME = AppIcon;
				INFOPLIST_FILE = VimeoStaffPicks/Info.plist;
				LD_RUNPATH_SEARCH_PATHS = "$(inherited) @executable_path/Frameworks";
				PRODUCT_BUNDLE_IDENTIFIER = "com.onemonth.$(PRODUCT_NAME:rfc1034identifier)";
				PRODUCT_NAME = "$(TARGET_NAME)";
			};
			name = Debug;
		};
		31031CF61B0C0209008500C1 /* Release */ = {
			isa = XCBuildConfiguration;
			buildSettings = {
				ASSETCATALOG_COMPILER_APPICON_NAME = AppIcon;
				INFOPLIST_FILE = VimeoStaffPicks/Info.plist;
				LD_RUNPATH_SEARCH_PATHS = "$(inherited) @executable_path/Frameworks";
				PRODUCT_BUNDLE_IDENTIFIER = "com.onemonth.$(PRODUCT_NAME:rfc1034identifier)";
				PRODUCT_NAME = "$(TARGET_NAME)";
			};
			name = Release;
		};
		31031CF81B0C0209008500C1 /* Debug */ = {
			isa = XCBuildConfiguration;
			buildSettings = {
				BUNDLE_LOADER = "$(TEST_HOST)";
				FRAMEWORK_SEARCH_PATHS = (
					"$(SDKROOT)/Developer/Library/Frameworks",
					"$(inherited)",
				);
				GCC_PREPROCESSOR_DEFINITIONS = (
					"DEBUG=1",
					"$(inherited)",
				);
				INFOPLIST_FILE = VimeoStaffPicksTests/Info.plist;
				LD_RUNPATH_SEARCH_PATHS = "$(inherited) @executable_path/Frameworks @loader_path/Frameworks";
				PRODUCT_BUNDLE_IDENTIFIER = "com.onemonth.$(PRODUCT_NAME:rfc1034identifier)";
				PRODUCT_NAME = "$(TARGET_NAME)";
				TEST_HOST = "$(BUILT_PRODUCTS_DIR)/VimeoStaffPicks.app/VimeoStaffPicks";
			};
			name = Debug;
		};
		31031CF91B0C0209008500C1 /* Release */ = {
			isa = XCBuildConfiguration;
			buildSettings = {
				BUNDLE_LOADER = "$(TEST_HOST)";
				FRAMEWORK_SEARCH_PATHS = (
					"$(SDKROOT)/Developer/Library/Frameworks",
					"$(inherited)",
				);
				INFOPLIST_FILE = VimeoStaffPicksTests/Info.plist;
				LD_RUNPATH_SEARCH_PATHS = "$(inherited) @executable_path/Frameworks @loader_path/Frameworks";
				PRODUCT_BUNDLE_IDENTIFIER = "com.onemonth.$(PRODUCT_NAME:rfc1034identifier)";
				PRODUCT_NAME = "$(TARGET_NAME)";
				TEST_HOST = "$(BUILT_PRODUCTS_DIR)/VimeoStaffPicks.app/VimeoStaffPicks";
			};
			name = Release;
		};
/* End XCBuildConfiguration section */

/* Begin XCConfigurationList section */
		31031CD01B0C0209008500C1 /* Build configuration list for PBXProject "VimeoStaffPicks" */ = {
			isa = XCConfigurationList;
			buildConfigurations = (
				31031CF21B0C0209008500C1 /* Debug */,
				31031CF31B0C0209008500C1 /* Release */,
			);
			defaultConfigurationIsVisible = 0;
			defaultConfigurationName = Release;
		};
		31031CF41B0C0209008500C1 /* Build configuration list for PBXNativeTarget "VimeoStaffPicks" */ = {
			isa = XCConfigurationList;
			buildConfigurations = (
				31031CF51B0C0209008500C1 /* Debug */,
				31031CF61B0C0209008500C1 /* Release */,
			);
			defaultConfigurationIsVisible = 0;
			defaultConfigurationName = Release;
		};
		31031CF71B0C0209008500C1 /* Build configuration list for PBXNativeTarget "VimeoStaffPicksTests" */ = {
			isa = XCConfigurationList;
			buildConfigurations = (
				31031CF81B0C0209008500C1 /* Debug */,
				31031CF91B0C0209008500C1 /* Release */,
			);
			defaultConfigurationIsVisible = 0;
			defaultConfigurationName = Release;
		};
/* End XCConfigurationList section */
	};
	rootObject = 31031CCD1B0C0209008500C1 /* Project object */;
}
